
Microsoft Visual Studio Solution File, Format Version 12.00
# Visual Studio 2013
VisualStudioVersion = 12.0.21005.1
MinimumVisualStudioVersion = 10.0.40219.1
Project("{FAE04EC0-301F-11D3-BF4B-00C04F79EFBC}") = "PP.WaiMai.Web", "PP.WaiMai.Web\PP.WaiMai.Web.csproj", "{05CF508B-29BE-4B48-A35F-F3DE69FF0D2D}"
EndProject
Project("{FAE04EC0-301F-11D3-BF4B-00C04F79EFBC}") = "PP.WaiMai.WebHelper", "PP.WaiMai.WebHelper\PP.WaiMai.WebHelper.csproj", "{BC3DD8FC-B365-465F-BA87-18BE759DEA57}"
EndProject
Project("{FAE04EC0-301F-11D3-BF4B-00C04F79EFBC}") = "PP.WaiMai.Util", "PP.WaiMai.Util\PP.WaiMai.Util.csproj", "{9BF92C9D-129D-49B5-A8A2-516E32C012B0}"
EndProject
Project("{2150E333-8FDC-42A3-9474-1A3956D46DE8}") = "Infrastructure_公共", "Infrastructure_公共", "{95BC3CF7-14AA-4354-B942-C438A31E3E0F}"
EndProject
Project("{2150E333-8FDC-42A3-9474-1A3956D46DE8}") = "Repository_数据访问", "Repository_数据访问", "{3B3A51B8-3360-4928-A771-3F34A043E272}"
EndProject
Project("{2150E333-8FDC-42A3-9474-1A3956D46DE8}") = "Service_业务逻辑", "Service_业务逻辑", "{BB3149DB-64FA-4629-89F2-6274E40E73B0}"
EndProject
Project("{2150E333-8FDC-42A3-9474-1A3956D46DE8}") = "UI", "UI", "{BCFB9B9B-B43A-44E2-AD03-7B07F7F0C17E}"
EndProject
Project("{FAE04EC0-301F-11D3-BF4B-00C04F79EFBC}") = "PP.WaiMai.Model", "PP.WaiMai.Model\PP.WaiMai.Model.csproj", "{E3AC77C1-CF2E-4AF8-AACD-0E624513AB20}"
EndProject
Project("{FAE04EC0-301F-11D3-BF4B-00C04F79EFBC}") = "PP.WaiMai.IRepository", "PP.WaiMai.IRepository\PP.WaiMai.IRepository.csproj", "{4D48CF71-3052-43B0-8F17-2112A16C5BFE}"
EndProject
Project("{FAE04EC0-301F-11D3-BF4B-00C04F79EFBC}") = "PP.WaiMai.Repository", "PP.WaiMai.Repository\PP.WaiMai.Repository.csproj", "{E2E0284B-3B7A-4A0A-9B70-F88C739C4452}"
EndProject
Project("{FAE04EC0-301F-11D3-BF4B-00C04F79EFBC}") = "PP.WaiMai.IService", "PP.WaiMai.IService\PP.WaiMai.IService.csproj", "{2B1BD78D-21C1-4652-9AF5-2D73B2306271}"
EndProject
Project("{FAE04EC0-301F-11D3-BF4B-00C04F79EFBC}") = "PP.WaiMai.Service", "PP.WaiMai.Service\PP.WaiMai.Service.csproj", "{B5DCA081-D09B-4454-983A-1838DBEC00FE}"
EndProject
Global
	GlobalSection(SolutionConfigurationPlatforms) = preSolution
		Debug|Any CPU = Debug|Any CPU
		Release|Any CPU = Release|Any CPU
	EndGlobalSection
	GlobalSection(ProjectConfigurationPlatforms) = postSolution
		{05CF508B-29BE-4B48-A35F-F3DE69FF0D2D}.Debug|Any CPU.ActiveCfg = Debug|Any CPU
		{05CF508B-29BE-4B48-A35F-F3DE69FF0D2D}.Debug|Any CPU.Build.0 = Debug|Any CPU
		{05CF508B-29BE-4B48-A35F-F3DE69FF0D2D}.Release|Any CPU.ActiveCfg = Release|Any CPU
		{05CF508B-29BE-4B48-A35F-F3DE69FF0D2D}.Release|Any CPU.Build.0 = Release|Any CPU
		{BC3DD8FC-B365-465F-BA87-18BE759DEA57}.Debug|Any CPU.ActiveCfg = Debug|Any CPU
		{BC3DD8FC-B365-465F-BA87-18BE759DEA57}.Debug|Any CPU.Build.0 = Debug|Any CPU
		{BC3DD8FC-B365-465F-BA87-18BE759DEA57}.Release|Any CPU.ActiveCfg = Release|Any CPU
		{BC3DD8FC-B365-465F-BA87-18BE759DEA57}.Release|Any CPU.Build.0 = Release|Any CPU
		{9BF92C9D-129D-49B5-A8A2-516E32C012B0}.Debug|Any CPU.ActiveCfg = Debug|Any CPU
		{9BF92C9D-129D-49B5-A8A2-516E32C012B0}.Debug|Any CPU.Build.0 = Debug|Any CPU
		{9BF92C9D-129D-49B5-A8A2-516E32C012B0}.Release|Any CPU.ActiveCfg = Release|Any CPU
		{9BF92C9D-129D-49B5-A8A2-516E32C012B0}.Release|Any CPU.Build.0 = Release|Any CPU
		{E3AC77C1-CF2E-4AF8-AACD-0E624513AB20}.Debug|Any CPU.ActiveCfg = Debug|Any CPU
		{E3AC77C1-CF2E-4AF8-AACD-0E624513AB20}.Debug|Any CPU.Build.0 = Debug|Any CPU
		{E3AC77C1-CF2E-4AF8-AACD-0E624513AB20}.Release|Any CPU.ActiveCfg = Release|Any CPU
		{E3AC77C1-CF2E-4AF8-AACD-0E624513AB20}.Release|Any CPU.Build.0 = Release|Any CPU
		{4D48CF71-3052-43B0-8F17-2112A16C5BFE}.Debug|Any CPU.ActiveCfg = Debug|Any CPU
		{4D48CF71-3052-43B0-8F17-2112A16C5BFE}.Debug|Any CPU.Build.0 = Debug|Any CPU
		{4D48CF71-3052-43B0-8F17-2112A16C5BFE}.Release|Any CPU.ActiveCfg = Release|Any CPU
		{4D48CF71-3052-43B0-8F17-2112A16C5BFE}.Release|Any CPU.Build.0 = Release|Any CPU
		{E2E0284B-3B7A-4A0A-9B70-F88C739C4452}.Debug|Any CPU.ActiveCfg = Debug|Any CPU
		{E2E0284B-3B7A-4A0A-9B70-F88C739C4452}.Debug|Any CPU.Build.0 = Debug|Any CPU
		{E2E0284B-3B7A-4A0A-9B70-F88C739C4452}.Release|Any CPU.ActiveCfg = Release|Any CPU
		{E2E0284B-3B7A-4A0A-9B70-F88C739C4452}.Release|Any CPU.Build.0 = Release|Any CPU
		{2B1BD78D-21C1-4652-9AF5-2D73B2306271}.Debug|Any CPU.ActiveCfg = Debug|Any CPU
		{2B1BD78D-21C1-4652-9AF5-2D73B2306271}.Debug|Any CPU.Build.0 = Debug|Any CPU
		{2B1BD78D-21C1-4652-9AF5-2D73B2306271}.Release|Any CPU.ActiveCfg = Release|Any CPU
		{2B1BD78D-21C1-4652-9AF5-2D73B2306271}.Release|Any CPU.Build.0 = Release|Any CPU
		{B5DCA081-D09B-4454-983A-1838DBEC00FE}.Debug|Any CPU.ActiveCfg = Debug|Any CPU
		{B5DCA081-D09B-4454-983A-1838DBEC00FE}.Debug|Any CPU.Build.0 = Debug|Any CPU
		{B5DCA081-D09B-4454-983A-1838DBEC00FE}.Release|Any CPU.ActiveCfg = Release|Any CPU
		{B5DCA081-D09B-4454-983A-1838DBEC00FE}.Release|Any CPU.Build.0 = Release|Any CPU
	EndGlobalSection
	GlobalSection(SolutionProperties) = preSolution
		HideSolutionNode = FALSE
	EndGlobalSection
	GlobalSection(NestedProjects) = preSolution
		{9BF92C9D-129D-49B5-A8A2-516E32C012B0} = {95BC3CF7-14AA-4354-B942-C438A31E3E0F}
		{E3AC77C1-CF2E-4AF8-AACD-0E624513AB20} = {95BC3CF7-14AA-4354-B942-C438A31E3E0F}
		{4D48CF71-3052-43B0-8F17-2112A16C5BFE} = {3B3A51B8-3360-4928-A771-3F34A043E272}
		{E2E0284B-3B7A-4A0A-9B70-F88C739C4452} = {3B3A51B8-3360-4928-A771-3F34A043E272}
		{2B1BD78D-21C1-4652-9AF5-2D73B2306271} = {BB3149DB-64FA-4629-89F2-6274E40E73B0}
		{B5DCA081-D09B-4454-983A-1838DBEC00FE} = {BB3149DB-64FA-4629-89F2-6274E40E73B0}
	EndGlobalSection
EndGlobal
