
Microsoft Visual Studio Solution File, Format Version 12.00
# Visual Studio 2013
VisualStudioVersion = 12.0.21005.1
MinimumVisualStudioVersion = 10.0.40219.1
Project("{FAE04EC0-301F-11D3-BF4B-00C04F79EFBC}") = "PP.WaiMai.Web", "PP.WaiMai.Web\PP.WaiMai.Web.csproj", "{05CF508B-29BE-4B48-A35F-F3DE69FF0D2D}"
EndProject
Project("{FAE04EC0-301F-11D3-BF4B-00C04F79EFBC}") = "PP.WaiMai.Contracts", "PP.WaiMai.Contracts\PP.WaiMai.Contracts.csproj", "{05CF8A0F-5593-4D46-BD78-23E98923428D}"
EndProject
Project("{FAE04EC0-301F-11D3-BF4B-00C04F79EFBC}") = "PP.WaiMai.DaoCfg", "PP.WaiMai.DaoCfg\PP.WaiMai.DaoCfg.csproj", "{6CD80ADE-1AF2-4D91-A3A3-0639F540A3C7}"
EndProject
Project("{FAE04EC0-301F-11D3-BF4B-00C04F79EFBC}") = "PP.WaiMai.Services", "PP.WaiMai.Services\PP.WaiMai.Services.csproj", "{AEC33EF6-5C66-4957-9CBD-22D6956E4C68}"
EndProject
Project("{FAE04EC0-301F-11D3-BF4B-00C04F79EFBC}") = "PP.WaiMai.WebHelper", "PP.WaiMai.WebHelper\PP.WaiMai.WebHelper.csproj", "{BC3DD8FC-B365-465F-BA87-18BE759DEA57}"
EndProject
Project("{FAE04EC0-301F-11D3-BF4B-00C04F79EFBC}") = "PP.WaiMai.Util", "PP.WaiMai.Util\PP.WaiMai.Util.csproj", "{9BF92C9D-129D-49B5-A8A2-516E32C012B0}"
EndProject
Global
	GlobalSection(SolutionConfigurationPlatforms) = preSolution
		Debug|Any CPU = Debug|Any CPU
		Release|Any CPU = Release|Any CPU
	EndGlobalSection
	GlobalSection(ProjectConfigurationPlatforms) = postSolution
		{05CF508B-29BE-4B48-A35F-F3DE69FF0D2D}.Debug|Any CPU.ActiveCfg = Debug|Any CPU
		{05CF508B-29BE-4B48-A35F-F3DE69FF0D2D}.Debug|Any CPU.Build.0 = Debug|Any CPU
		{05CF508B-29BE-4B48-A35F-F3DE69FF0D2D}.Release|Any CPU.ActiveCfg = Release|Any CPU
		{05CF508B-29BE-4B48-A35F-F3DE69FF0D2D}.Release|Any CPU.Build.0 = Release|Any CPU
		{05CF8A0F-5593-4D46-BD78-23E98923428D}.Debug|Any CPU.ActiveCfg = Debug|Any CPU
		{05CF8A0F-5593-4D46-BD78-23E98923428D}.Debug|Any CPU.Build.0 = Debug|Any CPU
		{05CF8A0F-5593-4D46-BD78-23E98923428D}.Release|Any CPU.ActiveCfg = Release|Any CPU
		{05CF8A0F-5593-4D46-BD78-23E98923428D}.Release|Any CPU.Build.0 = Release|Any CPU
		{6CD80ADE-1AF2-4D91-A3A3-0639F540A3C7}.Debug|Any CPU.ActiveCfg = Debug|Any CPU
		{6CD80ADE-1AF2-4D91-A3A3-0639F540A3C7}.Debug|Any CPU.Build.0 = Debug|Any CPU
		{6CD80ADE-1AF2-4D91-A3A3-0639F540A3C7}.Release|Any CPU.ActiveCfg = Release|Any CPU
		{6CD80ADE-1AF2-4D91-A3A3-0639F540A3C7}.Release|Any CPU.Build.0 = Release|Any CPU
		{AEC33EF6-5C66-4957-9CBD-22D6956E4C68}.Debug|Any CPU.ActiveCfg = Debug|Any CPU
		{AEC33EF6-5C66-4957-9CBD-22D6956E4C68}.Debug|Any CPU.Build.0 = Debug|Any CPU
		{AEC33EF6-5C66-4957-9CBD-22D6956E4C68}.Release|Any CPU.ActiveCfg = Release|Any CPU
		{AEC33EF6-5C66-4957-9CBD-22D6956E4C68}.Release|Any CPU.Build.0 = Release|Any CPU
		{BC3DD8FC-B365-465F-BA87-18BE759DEA57}.Debug|Any CPU.ActiveCfg = Debug|Any CPU
		{BC3DD8FC-B365-465F-BA87-18BE759DEA57}.Debug|Any CPU.Build.0 = Debug|Any CPU
		{BC3DD8FC-B365-465F-BA87-18BE759DEA57}.Release|Any CPU.ActiveCfg = Release|Any CPU
		{BC3DD8FC-B365-465F-BA87-18BE759DEA57}.Release|Any CPU.Build.0 = Release|Any CPU
		{9BF92C9D-129D-49B5-A8A2-516E32C012B0}.Debug|Any CPU.ActiveCfg = Debug|Any CPU
		{9BF92C9D-129D-49B5-A8A2-516E32C012B0}.Debug|Any CPU.Build.0 = Debug|Any CPU
		{9BF92C9D-129D-49B5-A8A2-516E32C012B0}.Release|Any CPU.ActiveCfg = Release|Any CPU
		{9BF92C9D-129D-49B5-A8A2-516E32C012B0}.Release|Any CPU.Build.0 = Release|Any CPU
	EndGlobalSection
	GlobalSection(SolutionProperties) = preSolution
		HideSolutionNode = FALSE
	EndGlobalSection
EndGlobal
